Microsoft Visual Studio Solution File, Format Version 11.00
# Visual Studio 2008

Project("{8FDF0F06-7BA5-89A1-FB45-BCF2CD008512}") = "qs399_CodeLab1Final_dropNPC", "Assembly-CSharp.csproj", "{8A39C731-CEF2-C9D3-0349-A7F9961AB26A}"
EndProject
Global
	GlobalSection(SolutionConfigurationPlatforms) = preSolution
		Debug|Any CPU = Debug|Any CPU
		Release|Any CPU = Release|Any CPU
	EndGlobalSection
	GlobalSection(ProjectConfigurationPlatforms) = postSolution
		{8A39C731-CEF2-C9D3-0349-A7F9961AB26A}.Debug|Any CPU.ActiveCfg = Debug|Any CPU
		{8A39C731-CEF2-C9D3-0349-A7F9961AB26A}.Debug|Any CPU.Build.0 = Debug|Any CPU
		{8A39C731-CEF2-C9D3-0349-A7F9961AB26A}.Release|Any CPU.ActiveCfg = Release|Any CPU
		{8A39C731-CEF2-C9D3-0349-A7F9961AB26A}.Release|Any CPU.Build.0 = Release|Any CPU
	EndGlobalSection
	GlobalSection(SolutionProperties) = preSolution
		HideSolutionNode = FALSE
	EndGlobalSection
	GlobalSection(MonoDevelopProperties) = preSolution
		StartupItem = Assembly-CSharp.csproj
	EndGlobalSection
EndGlobal
